{
  "object": {
    "pins": [
      {
        "package": "Alamofire",
        "repositoryURL": "https://github.com/Alamofire/Alamofire.git",
        "state": {
          "branch": null,
          "revision": "f82c23a8a7ef8dc1a49a8bfc6a96883e79121864",
          "version": "5.5.0"
        }
      },
      {
        "package": "Moya",
        "repositoryURL": "https://github.com/markst/Moya.git",
        "state": {
          "branch": "master",
          "revision": "cbe483eb7a834725e750fd995ac3d34f46aa4ee1",
          "version": null
        }
      },
      {
        "package": "RxSwift",
        "repositoryURL": "https://github.com/ReactiveX/RxSwift.git",
        "state": {
          "branch": null,
          "revision": "b4307ba0b6425c0ba4178e138799946c3da594f8",
          "version": "6.5.0"
        }
      },
      {
        "package": "UIKitPlus",
        "repositoryURL": "https://github.com/MihaelIsaev/UIKitPlus",
        "state": {
          "branch": "master",
          "revision": "b3df323fd07b6760173a85ab2930be3a88c9f998",
          "version": null
        }
      }
    ]
  },
  "version": 1
}
