// !$*UTF8*$!
{
	archiveVersion = 1;
	classes = {
	};
	objectVersion = 55;
	objects = {

/* Begin PBXBuildFile section */
		6E4928C227EA673100F88D8C /* ShowsListViewController.swift in Sources */ = {isa = PBXBuildFile; fileRef = 6E4928C127EA673100F88D8C /* ShowsListViewController.swift */; };
		6E4928C527EA68DC00F88D8C /* RxDataSources in Frameworks */ = {isa = PBXBuildFile; productRef = 6E4928C427EA68DC00F88D8C /* RxDataSources */; };
		6E583A5827EA34100063B0D7 /* LaunchScreen.storyboard in Resources */ = {isa = PBXBuildFile; fileRef = 6E583A5727EA34100063B0D7 /* LaunchScreen.storyboard */; };
		6E583A5A27EA34160063B0D7 /* Assets.xcassets in Resources */ = {isa = PBXBuildFile; fileRef = 6E583A5927EA34160063B0D7 /* Assets.xcassets */; };
		6E583A5F27EA34230063B0D7 /* AppDelegate.swift in Sources */ = {isa = PBXBuildFile; fileRef = 6E583A5C27EA34230063B0D7 /* AppDelegate.swift */; };
		6E583A6327EA35D40063B0D7 /* UIKitPlus in Frameworks */ = {isa = PBXBuildFile; productRef = 6E583A6227EA35D40063B0D7 /* UIKitPlus */; };
		6E583AA427EA3CF80063B0D7 /* RxMoya in Frameworks */ = {isa = PBXBuildFile; productRef = 6E583AA327EA3CF80063B0D7 /* RxMoya */; };
		6E583AA727EA3F0D0063B0D7 /* Show.swift in Sources */ = {isa = PBXBuildFile; fileRef = 6E583AA627EA3F0D0063B0D7 /* Show.swift */; };
		6E583AAB27EA4C1F0063B0D7 /* Repository.swift in Sources */ = {isa = PBXBuildFile; fileRef = 6E583AAA27EA4C1F0063B0D7 /* Repository.swift */; };
		6E583AAD27EA4C3C0063B0D7 /* PanelApi.swift in Sources */ = {isa = PBXBuildFile; fileRef = 6E583AAC27EA4C3C0063B0D7 /* PanelApi.swift */; };
		6E583AB027EA4E520063B0D7 /* JSONDecoder+Extensions.swift in Sources */ = {isa = PBXBuildFile; fileRef = 6E583AAF27EA4E520063B0D7 /* JSONDecoder+Extensions.swift */; };
		6E583ABA27EA4FEE0063B0D7 /* RepositoryTests.swift in Sources */ = {isa = PBXBuildFile; fileRef = 6E583AB427EA4FA90063B0D7 /* RepositoryTests.swift */; };
		6E5FA91527EA88A6003B8910 /* ShowCollectionViewCell.swift in Sources */ = {isa = PBXBuildFile; fileRef = 6E5FA91427EA88A6003B8910 /* ShowCollectionViewCell.swift */; };
		6E5FA91727EB3D82003B8910 /* GenreTagCelll.swift in Sources */ = {isa = PBXBuildFile; fileRef = 6E5FA91627EB3D82003B8910 /* GenreTagCelll.swift */; };
		6E5FA91927EB3DA6003B8910 /* Then.swift in Sources */ = {isa = PBXBuildFile; fileRef = 6E5FA91827EB3DA6003B8910 /* Then.swift */; };
		6E5FA91B27EB3DC0003B8910 /* FontIdentifier.swift in Sources */ = {isa = PBXBuildFile; fileRef = 6E5FA91A27EB3DC0003B8910 /* FontIdentifier.swift */; };
		6E5FA91E27EB3DF3003B8910 /* LeftAlignedCollectionViewFlowLayout.swift in Sources */ = {isa = PBXBuildFile; fileRef = 6E5FA91D27EB3DF3003B8910 /* LeftAlignedCollectionViewFlowLayout.swift */; };
		6E5FA92127EB3EF2003B8910 /* ShowsListViewModel.swift in Sources */ = {isa = PBXBuildFile; fileRef = 6E5FA92027EB3EF2003B8910 /* ShowsListViewModel.swift */; };
		6E5FA92327EB3EF7003B8910 /* ShowViewModel.swift in Sources */ = {isa = PBXBuildFile; fileRef = 6E5FA92227EB3EF7003B8910 /* ShowViewModel.swift */; };
		6E5FA92627EB3F13003B8910 /* MockRepository.swift in Sources */ = {isa = PBXBuildFile; fileRef = 6E5FA92527EB3F13003B8910 /* MockRepository.swift */; };
		6E5FA92827EB3F32003B8910 /* ShowViewModel+Mock.swift in Sources */ = {isa = PBXBuildFile; fileRef = 6E5FA92727EB3F32003B8910 /* ShowViewModel+Mock.swift */; };
		6E5FA92A27EB3F63003B8910 /* Show+Mock.swift in Sources */ = {isa = PBXBuildFile; fileRef = 6E5FA92927EB3F63003B8910 /* Show+Mock.swift */; };
		6EB4985D27EB9A530059DE89 /* Fonts in Resources */ = {isa = PBXBuildFile; fileRef = 6EB4985C27EB9A530059DE89 /* Fonts */; };
		6EB4985F27EC7D040059DE89 /* DateFormatter+Extensions.swift in Sources */ = {isa = PBXBuildFile; fileRef = 6EB4985E27EC7D040059DE89 /* DateFormatter+Extensions.swift */; };
		6EB4986127EC88A00059DE89 /* Date+Extensions.swift in Sources */ = {isa = PBXBuildFile; fileRef = 6EB4986027EC88A00059DE89 /* Date+Extensions.swift */; };
		6EB4986427EC8B150059DE89 /* ShowDetailViewController.swift in Sources */ = {isa = PBXBuildFile; fileRef = 6EB4986327EC8B150059DE89 /* ShowDetailViewController.swift */; };
		6EB4986827EC99FF0059DE89 /* ShowDetailViewModel.swift in Sources */ = {isa = PBXBuildFile; fileRef = 6EB4986727EC99FF0059DE89 /* ShowDetailViewModel.swift */; };
		6EB4988027EC9B300059DE89 /* ShowDetail.swift in Sources */ = {isa = PBXBuildFile; fileRef = 6EB4987927EC9B300059DE89 /* ShowDetail.swift */; };
		6EB4988327EC9B300059DE89 /* Resident.swift in Sources */ = {isa = PBXBuildFile; fileRef = 6EB4987C27EC9B300059DE89 /* Resident.swift */; };
		6EB4988427EC9B300059DE89 /* Description.swift in Sources */ = {isa = PBXBuildFile; fileRef = 6EB4987D27EC9B300059DE89 /* Description.swift */; };
		6EB4988827EC9D0B0059DE89 /* ShowDetail+Mock.swift in Sources */ = {isa = PBXBuildFile; fileRef = 6EB4988727EC9D0B0059DE89 /* ShowDetail+Mock.swift */; };
		6EB4988A27ECA0F50059DE89 /* ShowDetailView.swift in Sources */ = {isa = PBXBuildFile; fileRef = 6EB4988927ECA0F50059DE89 /* ShowDetailView.swift */; };
		6EB4988D27ECA4A70059DE89 /* Atributika in Frameworks */ = {isa = PBXBuildFile; productRef = 6EB4988C27ECA4A70059DE89 /* Atributika */; };
		6EB4989227ECB3040059DE89 /* Description+Extensions.swift in Sources */ = {isa = PBXBuildFile; fileRef = 6EB4989127ECB3040059DE89 /* Description+Extensions.swift */; };
		6EB4989527ECCF2C0059DE89 /* MockRepositoryTests.swift in Sources */ = {isa = PBXBuildFile; fileRef = 6EB4989327ECCEED0059DE89 /* MockRepositoryTests.swift */; };
		6ED09A4227EA533100C56F6B /* RxBlocking in Frameworks */ = {isa = PBXBuildFile; productRef = 6ED09A4127EA533100C56F6B /* RxBlocking */; };
		6ED09A4627EA550A00C56F6B /* NoodsRadioTests.swift in Sources */ = {isa = PBXBuildFile; fileRef = 6ED09A4527EA550A00C56F6B /* NoodsRadioTests.swift */; };
		6ED09A4727EA556F00C56F6B /* NoodsUITestsLaunchTests.swift in Sources */ = {isa = PBXBuildFile; fileRef = 6E583AB627EA4FAD0063B0D7 /* NoodsUITestsLaunchTests.swift */; };
		6ED09A4827EA556F00C56F6B /* NoodsUITests.swift in Sources */ = {isa = PBXBuildFile; fileRef = 6E583AB727EA4FAD0063B0D7 /* NoodsUITests.swift */; };
		6EFEEA7627EB4C47001586F4 /* RxSwiftUtilities in Frameworks */ = {isa = PBXBuildFile; productRef = 6EFEEA7527EB4C47001586F4 /* RxSwiftUtilities */; };
		6EFEEA7927EB4E73001586F4 /* RxFlow in Frameworks */ = {isa = PBXBuildFile; productRef = 6EFEEA7827EB4E73001586F4 /* RxFlow */; };
		6EFEEA7C27EB4FBF001586F4 /* AppFlow.swift in Sources */ = {isa = PBXBuildFile; fileRef = 6EFEEA7B27EB4FBF001586F4 /* AppFlow.swift */; };
		6EFEEA7E27EB63EB001586F4 /* AppStepper.swift in Sources */ = {isa = PBXBuildFile; fileRef = 6EFEEA7D27EB63EB001586F4 /* AppStepper.swift */; };
		6EFEEA8027EB6411001586F4 /* AppServices.swift in Sources */ = {isa = PBXBuildFile; fileRef = 6EFEEA7F27EB6411001586F4 /* AppServices.swift */; };
		6EFEEA8227EB6444001586F4 /* AppStep.swift in Sources */ = {isa = PBXBuildFile; fileRef = 6EFEEA8127EB6444001586F4 /* AppStep.swift */; };
/* End PBXBuildFile section */

/* Begin PBXContainerItemProxy section */
		6E583A2227EA224E0063B0D7 /* PBXContainerItemProxy */ = {
			isa = PBXContainerItemProxy;
			containerPortal = 6E583A0327EA224D0063B0D7 /* Project object */;
			proxyType = 1;
			remoteGlobalIDString = 6E583A0A27EA224D0063B0D7;
			remoteInfo = noodsradio;
		};
		6E583A2C27EA224E0063B0D7 /* PBXContainerItemProxy */ = {
			isa = PBXContainerItemProxy;
			containerPortal = 6E583A0327EA224D0063B0D7 /* Project object */;
			proxyType = 1;
			remoteGlobalIDString = 6E583A0A27EA224D0063B0D7;
			remoteInfo = noodsradio;
		};
/* End PBXContainerItemProxy section */

/* Begin PBXFileReference section */
		6E4928C127EA673100F88D8C /* ShowsListViewController.swift */ = {isa = PBXFileReference; indentWidth = 4; lastKnownFileType = sourcecode.swift; path = ShowsListViewController.swift; sourceTree = "<group>"; };
		6E583A0B27EA224E0063B0D7 /* NoodsRadio.app */ = {isa = PBXFileReference; explicitFileType = wrapper.application; includeInIndex = 0; path = NoodsRadio.app; sourceTree = BUILT_PRODUCTS_DIR; };
		6E583A2127EA224E0063B0D7 /* NoodsRadioTests.xctest */ = {isa = PBXFileReference; explicitFileType = wrapper.cfbundle; includeInIndex = 0; path = NoodsRadioTests.xctest; sourceTree = BUILT_PRODUCTS_DIR; };
		6E583A2B27EA224E0063B0D7 /* NoodsRadioUITests.xctest */ = {isa = PBXFileReference; explicitFileType = wrapper.cfbundle; includeInIndex = 0; path = NoodsRadioUITests.xctest; sourceTree = BUILT_PRODUCTS_DIR; };
		6E583A5727EA34100063B0D7 /* LaunchScreen.storyboard */ = {isa = PBXFileReference; fileEncoding = 4; lastKnownFileType = file.storyboard; path = LaunchScreen.storyboard; sourceTree = "<group>"; };
		6E583A5927EA34160063B0D7 /* Assets.xcassets */ = {isa = PBXFileReference; lastKnownFileType = folder.assetcatalog; path = Assets.xcassets; sourceTree = "<group>"; };
		6E583A5B27EA34220063B0D7 /* Info.plist */ = {isa = PBXFileReference; fileEncoding = 4; lastKnownFileType = text.plist.xml; path = Info.plist; sourceTree = "<group>"; };
		6E583A5C27EA34230063B0D7 /* AppDelegate.swift */ = {isa = PBXFileReference; fileEncoding = 4; lastKnownFileType = sourcecode.swift; path = AppDelegate.swift; sourceTree = "<group>"; };
		6E583AA627EA3F0D0063B0D7 /* Show.swift */ = {isa = PBXFileReference; lastKnownFileType = sourcecode.swift; path = Show.swift; sourceTree = "<group>"; };
		6E583AAA27EA4C1F0063B0D7 /* Repository.swift */ = {isa = PBXFileReference; lastKnownFileType = sourcecode.swift; path = Repository.swift; sourceTree = "<group>"; };
		6E583AAC27EA4C3C0063B0D7 /* PanelApi.swift */ = {isa = PBXFileReference; lastKnownFileType = sourcecode.swift; path = PanelApi.swift; sourceTree = "<group>"; };
		6E583AAF27EA4E520063B0D7 /* JSONDecoder+Extensions.swift */ = {isa = PBXFileReference; lastKnownFileType = sourcecode.swift; path = "JSONDecoder+Extensions.swift"; sourceTree = "<group>"; };
		6E583AB427EA4FA90063B0D7 /* RepositoryTests.swift */ = {isa = PBXFileReference; fileEncoding = 4; lastKnownFileType = sourcecode.swift; path = RepositoryTests.swift; sourceTree = "<group>"; };
		6E583AB627EA4FAD0063B0D7 /* NoodsUITestsLaunchTests.swift */ = {isa = PBXFileReference; fileEncoding = 4; lastKnownFileType = sourcecode.swift; path = NoodsUITestsLaunchTests.swift; sourceTree = "<group>"; };
		6E583AB727EA4FAD0063B0D7 /* NoodsUITests.swift */ = {isa = PBXFileReference; fileEncoding = 4; lastKnownFileType = sourcecode.swift; path = NoodsUITests.swift; sourceTree = "<group>"; };
		6E5FA91427EA88A6003B8910 /* ShowCollectionViewCell.swift */ = {isa = PBXFileReference; lastKnownFileType = sourcecode.swift; path = ShowCollectionViewCell.swift; sourceTree = "<group>"; };
		6E5FA91627EB3D82003B8910 /* GenreTagCelll.swift */ = {isa = PBXFileReference; lastKnownFileType = sourcecode.swift; path = GenreTagCelll.swift; sourceTree = "<group>"; };
		6E5FA91827EB3DA6003B8910 /* Then.swift */ = {isa = PBXFileReference; lastKnownFileType = sourcecode.swift; path = Then.swift; sourceTree = "<group>"; };
		6E5FA91A27EB3DC0003B8910 /* FontIdentifier.swift */ = {isa = PBXFileReference; lastKnownFileType = sourcecode.swift; path = FontIdentifier.swift; sourceTree = "<group>"; };
		6E5FA91D27EB3DF3003B8910 /* LeftAlignedCollectionViewFlowLayout.swift */ = {isa = PBXFileReference; lastKnownFileType = sourcecode.swift; path = LeftAlignedCollectionViewFlowLayout.swift; sourceTree = "<group>"; };
		6E5FA92027EB3EF2003B8910 /* ShowsListViewModel.swift */ = {isa = PBXFileReference; lastKnownFileType = sourcecode.swift; path = ShowsListViewModel.swift; sourceTree = "<group>"; };
		6E5FA92227EB3EF7003B8910 /* ShowViewModel.swift */ = {isa = PBXFileReference; lastKnownFileType = sourcecode.swift; path = ShowViewModel.swift; sourceTree = "<group>"; };
		6E5FA92527EB3F13003B8910 /* MockRepository.swift */ = {isa = PBXFileReference; lastKnownFileType = sourcecode.swift; path = MockRepository.swift; sourceTree = "<group>"; };
		6E5FA92727EB3F32003B8910 /* ShowViewModel+Mock.swift */ = {isa = PBXFileReference; lastKnownFileType = sourcecode.swift; path = "ShowViewModel+Mock.swift"; sourceTree = "<group>"; };
		6E5FA92927EB3F63003B8910 /* Show+Mock.swift */ = {isa = PBXFileReference; lastKnownFileType = sourcecode.swift; path = "Show+Mock.swift"; sourceTree = "<group>"; };
		6EB4985C27EB9A530059DE89 /* Fonts */ = {isa = PBXFileReference; lastKnownFileType = folder; path = Fonts; sourceTree = "<group>"; };
		6EB4985E27EC7D040059DE89 /* DateFormatter+Extensions.swift */ = {isa = PBXFileReference; lastKnownFileType = sourcecode.swift; path = "DateFormatter+Extensions.swift"; sourceTree = "<group>"; };
		6EB4986027EC88A00059DE89 /* Date+Extensions.swift */ = {isa = PBXFileReference; lastKnownFileType = sourcecode.swift; path = "Date+Extensions.swift"; sourceTree = "<group>"; };
		6EB4986327EC8B150059DE89 /* ShowDetailViewController.swift */ = {isa = PBXFileReference; lastKnownFileType = sourcecode.swift; path = ShowDetailViewController.swift; sourceTree = "<group>"; };
		6EB4986727EC99FF0059DE89 /* ShowDetailViewModel.swift */ = {isa = PBXFileReference; lastKnownFileType = sourcecode.swift; path = ShowDetailViewModel.swift; sourceTree = "<group>"; };
		6EB4987927EC9B300059DE89 /* ShowDetail.swift */ = {isa = PBXFileReference; fileEncoding = 4; lastKnownFileType = sourcecode.swift; path = ShowDetail.swift; sourceTree = "<group>"; };
		6EB4987C27EC9B300059DE89 /* Resident.swift */ = {isa = PBXFileReference; fileEncoding = 4; lastKnownFileType = sourcecode.swift; path = Resident.swift; sourceTree = "<group>"; };
		6EB4987D27EC9B300059DE89 /* Description.swift */ = {isa = PBXFileReference; fileEncoding = 4; lastKnownFileType = sourcecode.swift; path = Description.swift; sourceTree = "<group>"; };
		6EB4988727EC9D0B0059DE89 /* ShowDetail+Mock.swift */ = {isa = PBXFileReference; lastKnownFileType = sourcecode.swift; path = "ShowDetail+Mock.swift"; sourceTree = "<group>"; };
		6EB4988927ECA0F50059DE89 /* ShowDetailView.swift */ = {isa = PBXFileReference; lastKnownFileType = sourcecode.swift; path = ShowDetailView.swift; sourceTree = "<group>"; };
		6EB4989127ECB3040059DE89 /* Description+Extensions.swift */ = {isa = PBXFileReference; lastKnownFileType = sourcecode.swift; path = "Description+Extensions.swift"; sourceTree = "<group>"; };
		6EB4989327ECCEED0059DE89 /* MockRepositoryTests.swift */ = {isa = PBXFileReference; lastKnownFileType = sourcecode.swift; path = MockRepositoryTests.swift; sourceTree = "<group>"; };
		6ED09A3E27EA514000C56F6B /* SwiftUI.framework */ = {isa = PBXFileReference; lastKnownFileType = wrapper.framework; name = SwiftUI.framework; path = System/Library/Frameworks/SwiftUI.framework; sourceTree = SDKROOT; };
		6ED09A4527EA550A00C56F6B /* NoodsRadioTests.swift */ = {isa = PBXFileReference; lastKnownFileType = sourcecode.swift; path = NoodsRadioTests.swift; sourceTree = "<group>"; };
		6EFEEA7B27EB4FBF001586F4 /* AppFlow.swift */ = {isa = PBXFileReference; lastKnownFileType = sourcecode.swift; path = AppFlow.swift; sourceTree = "<group>"; };
		6EFEEA7D27EB63EB001586F4 /* AppStepper.swift */ = {isa = PBXFileReference; lastKnownFileType = sourcecode.swift; path = AppStepper.swift; sourceTree = "<group>"; };
		6EFEEA7F27EB6411001586F4 /* AppServices.swift */ = {isa = PBXFileReference; lastKnownFileType = sourcecode.swift; path = AppServices.swift; sourceTree = "<group>"; };
		6EFEEA8127EB6444001586F4 /* AppStep.swift */ = {isa = PBXFileReference; lastKnownFileType = sourcecode.swift; path = AppStep.swift; sourceTree = "<group>"; };
/* End PBXFileReference section */

/* Begin PBXFrameworksBuildPhase section */
		6E583A0827EA224D0063B0D7 /* Frameworks */ = {
			isa = PBXFrameworksBuildPhase;
			buildActionMask = 2147483647;
			files = (
				6EFEEA7927EB4E73001586F4 /* RxFlow in Frameworks */,
				6E4928C527EA68DC00F88D8C /* RxDataSources in Frameworks */,
				6EB4988D27ECA4A70059DE89 /* Atributika in Frameworks */,
				6E583AA427EA3CF80063B0D7 /* RxMoya in Frameworks */,
				6E583A6327EA35D40063B0D7 /* UIKitPlus in Frameworks */,
				6EFEEA7627EB4C47001586F4 /* RxSwiftUtilities in Frameworks */,
			);
			runOnlyForDeploymentPostprocessing = 0;
		};
		6E583A1E27EA224E0063B0D7 /* Frameworks */ = {
			isa = PBXFrameworksBuildPhase;
			buildActionMask = 2147483647;
			files = (
				6ED09A4227EA533100C56F6B /* RxBlocking in Frameworks */,
			);
			runOnlyForDeploymentPostprocessing = 0;
		};
		6E583A2827EA224E0063B0D7 /* Frameworks */ = {
			isa = PBXFrameworksBuildPhase;
			buildActionMask = 2147483647;
			files = (
			);
			runOnlyForDeploymentPostprocessing = 0;
		};
/* End PBXFrameworksBuildPhase section */

/* Begin PBXGroup section */
		6E4928C027EA672600F88D8C /* Shows */ = {
			isa = PBXGroup;
			children = (
				6E4928C127EA673100F88D8C /* ShowsListViewController.swift */,
				6E5FA91F27EB3EEB003B8910 /* ViewModels */,
				6E5FA91327EA88A1003B8910 /* Views */,
			);
			path = Shows;
			sourceTree = "<group>";
		};
		6E583A0227EA224D0063B0D7 = {
			isa = PBXGroup;
			children = (
				6E583A5227EA33540063B0D7 /* Application */,
				6E583A5327EA33650063B0D7 /* Screens */,
				6E583A5427EA336A0063B0D7 /* Library */,
				6E583A5527EA336F0063B0D7 /* Resources */,
				6E583A5627EA33750063B0D7 /* Supporting Files */,
				6E583AB127EA4F440063B0D7 /* Tests */,
				6E583A0C27EA224E0063B0D7 /* Products */,
				6ED09A3D27EA514000C56F6B /* Frameworks */,
			);
			indentWidth = 2;
			sourceTree = "<group>";
			tabWidth = 2;
		};
		6E583A0C27EA224E0063B0D7 /* Products */ = {
			isa = PBXGroup;
			children = (
				6E583A0B27EA224E0063B0D7 /* NoodsRadio.app */,
				6E583A2127EA224E0063B0D7 /* NoodsRadioTests.xctest */,
				6E583A2B27EA224E0063B0D7 /* NoodsRadioUITests.xctest */,
			);
			name = Products;
			sourceTree = "<group>";
		};
		6E583A5227EA33540063B0D7 /* Application */ = {
			isa = PBXGroup;
			children = (
				6E583A5C27EA34230063B0D7 /* AppDelegate.swift */,
				6E583A5B27EA34220063B0D7 /* Info.plist */,
			);
			path = Application;
			sourceTree = "<group>";
		};
		6E583A5327EA33650063B0D7 /* Screens */ = {
			isa = PBXGroup;
			children = (
				6E4928C027EA672600F88D8C /* Shows */,
				6EB4986227EC8B080059DE89 /* Show Detail */,
			);
			path = Screens;
			sourceTree = "<group>";
		};
		6E583A5427EA336A0063B0D7 /* Library */ = {
			isa = PBXGroup;
			children = (
				6E583AAE27EA4E4B0063B0D7 /* Extensions */,
				6EFEEA7A27EB4F8A001586F4 /* Flows */,
				6E5FA91C27EB3DEF003B8910 /* Layout */,
				6E5FA92427EB3F10003B8910 /* Mock */,
				6E583AA527EA3F010063B0D7 /* Models */,
				6E583AA827EA4BFA0063B0D7 /* Services */,
			);
			path = Library;
			sourceTree = "<group>";
		};
		6E583A5527EA336F0063B0D7 /* Resources */ = {
			isa = PBXGroup;
			children = (
				6E583A5927EA34160063B0D7 /* Assets.xcassets */,
				6EB4985C27EB9A530059DE89 /* Fonts */,
			);
			path = Resources;
			sourceTree = "<group>";
		};
		6E583A5627EA33750063B0D7 /* Supporting Files */ = {
			isa = PBXGroup;
			children = (
				6E583A5727EA34100063B0D7 /* LaunchScreen.storyboard */,
			);
			path = "Supporting Files";
			sourceTree = "<group>";
		};
		6E583AA527EA3F010063B0D7 /* Models */ = {
			isa = PBXGroup;
			children = (
				6EB4987D27EC9B300059DE89 /* Description.swift */,
				6EB4987C27EC9B300059DE89 /* Resident.swift */,
				6E583AA627EA3F0D0063B0D7 /* Show.swift */,
				6EB4987927EC9B300059DE89 /* ShowDetail.swift */,
			);
			path = Models;
			sourceTree = "<group>";
		};
		6E583AA827EA4BFA0063B0D7 /* Services */ = {
			isa = PBXGroup;
			children = (
				6EFEEA7F27EB6411001586F4 /* AppServices.swift */,
				6E583AAC27EA4C3C0063B0D7 /* PanelApi.swift */,
				6E583AAA27EA4C1F0063B0D7 /* Repository.swift */,
			);
			path = Services;
			sourceTree = "<group>";
		};
		6E583AAE27EA4E4B0063B0D7 /* Extensions */ = {
			isa = PBXGroup;
			children = (
				6EB4986027EC88A00059DE89 /* Date+Extensions.swift */,
				6EB4985E27EC7D040059DE89 /* DateFormatter+Extensions.swift */,
				6EB4989127ECB3040059DE89 /* Description+Extensions.swift */,
				6E5FA91A27EB3DC0003B8910 /* FontIdentifier.swift */,
				6E583AAF27EA4E520063B0D7 /* JSONDecoder+Extensions.swift */,
				6E5FA91827EB3DA6003B8910 /* Then.swift */,
			);
			path = Extensions;
			sourceTree = "<group>";
		};
		6E583AB127EA4F440063B0D7 /* Tests */ = {
			isa = PBXGroup;
			children = (
				6E583AB227EA4F650063B0D7 /* UnitTests */,
				6E583AB327EA4F690063B0D7 /* UITests */,
			);
			path = Tests;
			sourceTree = "<group>";
		};
		6E583AB227EA4F650063B0D7 /* UnitTests */ = {
			isa = PBXGroup;
			children = (
				6EB4989327ECCEED0059DE89 /* MockRepositoryTests.swift */,
				6ED09A4527EA550A00C56F6B /* NoodsRadioTests.swift */,
				6E583AB427EA4FA90063B0D7 /* RepositoryTests.swift */,
			);
			path = UnitTests;
			sourceTree = "<group>";
		};
		6E583AB327EA4F690063B0D7 /* UITests */ = {
			isa = PBXGroup;
			children = (
				6E583AB727EA4FAD0063B0D7 /* NoodsUITests.swift */,
				6E583AB627EA4FAD0063B0D7 /* NoodsUITestsLaunchTests.swift */,
			);
			path = UITests;
			sourceTree = "<group>";
		};
		6E5FA91327EA88A1003B8910 /* Views */ = {
			isa = PBXGroup;
			children = (
				6E5FA91627EB3D82003B8910 /* GenreTagCelll.swift */,
				6E5FA91427EA88A6003B8910 /* ShowCollectionViewCell.swift */,
			);
			path = Views;
			sourceTree = "<group>";
		};
		6E5FA91C27EB3DEF003B8910 /* Layout */ = {
			isa = PBXGroup;
			children = (
				6E5FA91D27EB3DF3003B8910 /* LeftAlignedCollectionViewFlowLayout.swift */,
			);
			path = Layout;
			sourceTree = "<group>";
		};
		6E5FA91F27EB3EEB003B8910 /* ViewModels */ = {
			isa = PBXGroup;
			children = (
				6E5FA92027EB3EF2003B8910 /* ShowsListViewModel.swift */,
				6E5FA92227EB3EF7003B8910 /* ShowViewModel.swift */,
			);
			path = ViewModels;
			sourceTree = "<group>";
		};
		6E5FA92427EB3F10003B8910 /* Mock */ = {
			isa = PBXGroup;
			children = (
				6E5FA92527EB3F13003B8910 /* MockRepository.swift */,
				6E5FA92927EB3F63003B8910 /* Show+Mock.swift */,
				6E5FA92727EB3F32003B8910 /* ShowViewModel+Mock.swift */,
				6EB4988727EC9D0B0059DE89 /* ShowDetail+Mock.swift */,
			);
			path = Mock;
			sourceTree = "<group>";
		};
		6EB4986227EC8B080059DE89 /* Show Detail */ = {
			isa = PBXGroup;
			children = (
				6EB4986327EC8B150059DE89 /* ShowDetailViewController.swift */,
				6EB4986627EC99E50059DE89 /* ViewModels */,
				6EB4986527EC99E10059DE89 /* Views */,
			);
			path = "Show Detail";
			sourceTree = "<group>";
		};
		6EB4986527EC99E10059DE89 /* Views */ = {
			isa = PBXGroup;
			children = (
				6EB4988927ECA0F50059DE89 /* ShowDetailView.swift */,
			);
			path = Views;
			sourceTree = "<group>";
		};
		6EB4986627EC99E50059DE89 /* ViewModels */ = {
			isa = PBXGroup;
			children = (
				6EB4986727EC99FF0059DE89 /* ShowDetailViewModel.swift */,
			);
			path = ViewModels;
			sourceTree = "<group>";
		};
		6ED09A3D27EA514000C56F6B /* Frameworks */ = {
			isa = PBXGroup;
			children = (
				6ED09A3E27EA514000C56F6B /* SwiftUI.framework */,
			);
			name = Frameworks;
			sourceTree = "<group>";
		};
		6EFEEA7A27EB4F8A001586F4 /* Flows */ = {
			isa = PBXGroup;
			children = (
				6EFEEA7B27EB4FBF001586F4 /* AppFlow.swift */,
				6EFEEA8127EB6444001586F4 /* AppStep.swift */,
				6EFEEA7D27EB63EB001586F4 /* AppStepper.swift */,
			);
			path = Flows;
			sourceTree = "<group>";
		};
/* End PBXGroup section */

/* Begin PBXNativeTarget section */
		6E583A0A27EA224D0063B0D7 /* NoodsRadio */ = {
			isa = PBXNativeTarget;
			buildConfigurationList = 6E583A3527EA224E0063B0D7 /* Build configuration list for PBXNativeTarget "NoodsRadio" */;
			buildPhases = (
				6E583A0727EA224D0063B0D7 /* Sources */,
				6E583A0827EA224D0063B0D7 /* Frameworks */,
				6E583A0927EA224D0063B0D7 /* Resources */,
			);
			buildRules = (
			);
			dependencies = (
			);
			name = NoodsRadio;
			packageProductDependencies = (
				6E583A6227EA35D40063B0D7 /* UIKitPlus */,
				6E583AA327EA3CF80063B0D7 /* RxMoya */,
				6E4928C427EA68DC00F88D8C /* RxDataSources */,
				6EFEEA7527EB4C47001586F4 /* RxSwiftUtilities */,
				6EFEEA7827EB4E73001586F4 /* RxFlow */,
				6EB4988C27ECA4A70059DE89 /* Atributika */,
			);
			productName = noodsradio;
			productReference = 6E583A0B27EA224E0063B0D7 /* NoodsRadio.app */;
			productType = "com.apple.product-type.application";
		};
		6E583A2027EA224E0063B0D7 /* NoodsRadioTests */ = {
			isa = PBXNativeTarget;
			buildConfigurationList = 6E583A3827EA224E0063B0D7 /* Build configuration list for PBXNativeTarget "NoodsRadioTests" */;
			buildPhases = (
				6E583A1D27EA224E0063B0D7 /* Sources */,
				6E583A1E27EA224E0063B0D7 /* Frameworks */,
				6E583A1F27EA224E0063B0D7 /* Resources */,
			);
			buildRules = (
			);
			dependencies = (
				6E583A2327EA224E0063B0D7 /* PBXTargetDependency */,
			);
			name = NoodsRadioTests;
			packageProductDependencies = (
				6ED09A4127EA533100C56F6B /* RxBlocking */,
			);
			productName = noodsradioTests;
			productReference = 6E583A2127EA224E0063B0D7 /* NoodsRadioTests.xctest */;
			productType = "com.apple.product-type.bundle.unit-test";
		};
		6E583A2A27EA224E0063B0D7 /* NoodsRadioUITests */ = {
			isa = PBXNativeTarget;
			buildConfigurationList = 6E583A3B27EA224E0063B0D7 /* Build configuration list for PBXNativeTarget "NoodsRadioUITests" */;
			buildPhases = (
				6E583A2727EA224E0063B0D7 /* Sources */,
				6E583A2827EA224E0063B0D7 /* Frameworks */,
				6E583A2927EA224E0063B0D7 /* Resources */,
			);
			buildRules = (
			);
			dependencies = (
				6E583A2D27EA224E0063B0D7 /* PBXTargetDependency */,
			);
			name = NoodsRadioUITests;
			productName = noodsradioUITests;
			productReference = 6E583A2B27EA224E0063B0D7 /* NoodsRadioUITests.xctest */;
			productType = "com.apple.product-type.bundle.ui-testing";
		};
/* End PBXNativeTarget section */

/* Begin PBXProject section */
		6E583A0327EA224D0063B0D7 /* Project object */ = {
			isa = PBXProject;
			attributes = {
				BuildIndependentTargetsInParallel = 1;
				LastSwiftUpdateCheck = 1320;
				LastUpgradeCheck = 1320;
				TargetAttributes = {
					6E583A0A27EA224D0063B0D7 = {
						CreatedOnToolsVersion = 13.2;
						LastSwiftMigration = 1320;
					};
					6E583A2027EA224E0063B0D7 = {
						CreatedOnToolsVersion = 13.2;
						TestTargetID = 6E583A0A27EA224D0063B0D7;
					};
					6E583A2A27EA224E0063B0D7 = {
						CreatedOnToolsVersion = 13.2;
						TestTargetID = 6E583A0A27EA224D0063B0D7;
					};
				};
			};
			buildConfigurationList = 6E583A0627EA224D0063B0D7 /* Build configuration list for PBXProject "noods-radio" */;
			compatibilityVersion = "Xcode 13.0";
			developmentRegion = en;
			hasScannedForEncodings = 0;
			knownRegions = (
				en,
				Base,
			);
			mainGroup = 6E583A0227EA224D0063B0D7;
			packageReferences = (
				6E583A6127EA35D40063B0D7 /* XCRemoteSwiftPackageReference "UIKitPlus" */,
				6E583AA227EA3CF80063B0D7 /* XCRemoteSwiftPackageReference "Moya" */,
				6ED09A4027EA533100C56F6B /* XCRemoteSwiftPackageReference "RxSwift" */,
				6E4928C327EA68DC00F88D8C /* XCRemoteSwiftPackageReference "RxDataSources" */,
				6EFEEA7427EB4C47001586F4 /* XCRemoteSwiftPackageReference "RxSwiftUtilities" */,
				6EFEEA7727EB4E73001586F4 /* XCRemoteSwiftPackageReference "RxFlow" */,
				6EB4988B27ECA4A70059DE89 /* XCRemoteSwiftPackageReference "Atributika" */,
			);
			productRefGroup = 6E583A0C27EA224E0063B0D7 /* Products */;
			projectDirPath = "";
			projectRoot = "";
			targets = (
				6E583A0A27EA224D0063B0D7 /* NoodsRadio */,
				6E583A2027EA224E0063B0D7 /* NoodsRadioTests */,
				6E583A2A27EA224E0063B0D7 /* NoodsRadioUITests */,
			);
		};
/* End PBXProject section */

/* Begin PBXResourcesBuildPhase section */
		6E583A0927EA224D0063B0D7 /* Resources */ = {
			isa = PBXResourcesBuildPhase;
			buildActionMask = 2147483647;
			files = (
				6EB4985D27EB9A530059DE89 /* Fonts in Resources */,
				6E583A5A27EA34160063B0D7 /* Assets.xcassets in Resources */,
				6E583A5827EA34100063B0D7 /* LaunchScreen.storyboard in Resources */,
			);
			runOnlyForDeploymentPostprocessing = 0;
		};
		6E583A1F27EA224E0063B0D7 /* Resources */ = {
			isa = PBXResourcesBuildPhase;
			buildActionMask = 2147483647;
			files = (
			);
			runOnlyForDeploymentPostprocessing = 0;
		};
		6E583A2927EA224E0063B0D7 /* Resources */ = {
			isa = PBXResourcesBuildPhase;
			buildActionMask = 2147483647;
			files = (
			);
			runOnlyForDeploymentPostprocessing = 0;
		};
/* End PBXResourcesBuildPhase section */

/* Begin PBXSourcesBuildPhase section */
		6E583A0727EA224D0063B0D7 /* Sources */ = {
			isa = PBXSourcesBuildPhase;
			buildActionMask = 2147483647;
			files = (
				6E5FA92A27EB3F63003B8910 /* Show+Mock.swift in Sources */,
				6EB4986127EC88A00059DE89 /* Date+Extensions.swift in Sources */,
				6E583AA727EA3F0D0063B0D7 /* Show.swift in Sources */,
				6EB4988A27ECA0F50059DE89 /* ShowDetailView.swift in Sources */,
				6EB4985F27EC7D040059DE89 /* DateFormatter+Extensions.swift in Sources */,
				6EFEEA8027EB6411001586F4 /* AppServices.swift in Sources */,
				6E5FA92627EB3F13003B8910 /* MockRepository.swift in Sources */,
				6E5FA91927EB3DA6003B8910 /* Then.swift in Sources */,
				6EB4988327EC9B300059DE89 /* Resident.swift in Sources */,
				6EB4988027EC9B300059DE89 /* ShowDetail.swift in Sources */,
				6EB4988827EC9D0B0059DE89 /* ShowDetail+Mock.swift in Sources */,
				6EFEEA8227EB6444001586F4 /* AppStep.swift in Sources */,
				6E5FA91527EA88A6003B8910 /* ShowCollectionViewCell.swift in Sources */,
				6EFEEA7E27EB63EB001586F4 /* AppStepper.swift in Sources */,
				6EB4988427EC9B300059DE89 /* Description.swift in Sources */,
				6E5FA92327EB3EF7003B8910 /* ShowViewModel.swift in Sources */,
				6E5FA91E27EB3DF3003B8910 /* LeftAlignedCollectionViewFlowLayout.swift in Sources */,
				6EB4986827EC99FF0059DE89 /* ShowDetailViewModel.swift in Sources */,
				6E5FA92827EB3F32003B8910 /* ShowViewModel+Mock.swift in Sources */,
				6E4928C227EA673100F88D8C /* ShowsListViewController.swift in Sources */,
				6EFEEA7C27EB4FBF001586F4 /* AppFlow.swift in Sources */,
				6E583AB027EA4E520063B0D7 /* JSONDecoder+Extensions.swift in Sources */,
				6E5FA91B27EB3DC0003B8910 /* FontIdentifier.swift in Sources */,
				6E583A5F27EA34230063B0D7 /* AppDelegate.swift in Sources */,
				6EB4989227ECB3040059DE89 /* Description+Extensions.swift in Sources */,
				6E583AAB27EA4C1F0063B0D7 /* Repository.swift in Sources */,
				6E583AAD27EA4C3C0063B0D7 /* PanelApi.swift in Sources */,
				6EB4986427EC8B150059DE89 /* ShowDetailViewController.swift in Sources */,
				6E5FA91727EB3D82003B8910 /* GenreTagCelll.swift in Sources */,
				6E5FA92127EB3EF2003B8910 /* ShowsListViewModel.swift in Sources */,
			);
			runOnlyForDeploymentPostprocessing = 0;
		};
		6E583A1D27EA224E0063B0D7 /* Sources */ = {
			isa = PBXSourcesBuildPhase;
			buildActionMask = 2147483647;
			files = (
				6ED09A4627EA550A00C56F6B /* NoodsRadioTests.swift in Sources */,
				6EB4989527ECCF2C0059DE89 /* MockRepositoryTests.swift in Sources */,
				6E583ABA27EA4FEE0063B0D7 /* RepositoryTests.swift in Sources */,
			);
			runOnlyForDeploymentPostprocessing = 0;
		};
		6E583A2727EA224E0063B0D7 /* Sources */ = {
			isa = PBXSourcesBuildPhase;
			buildActionMask = 2147483647;
			files = (
				6ED09A4727EA556F00C56F6B /* NoodsUITestsLaunchTests.swift in Sources */,
				6ED09A4827EA556F00C56F6B /* NoodsUITests.swift in Sources */,
			);
			runOnlyForDeploymentPostprocessing = 0;
		};
/* End PBXSourcesBuildPhase section */

/* Begin PBXTargetDependency section */
		6E583A2327EA224E0063B0D7 /* PBXTargetDependency */ = {
			isa = PBXTargetDependency;
			target = 6E583A0A27EA224D0063B0D7 /* NoodsRadio */;
			targetProxy = 6E583A2227EA224E0063B0D7 /* PBXContainerItemProxy */;
		};
		6E583A2D27EA224E0063B0D7 /* PBXTargetDependency */ = {
			isa = PBXTargetDependency;
			target = 6E583A0A27EA224D0063B0D7 /* NoodsRadio */;
			targetProxy = 6E583A2C27EA224E0063B0D7 /* PBXContainerItemProxy */;
		};
/* End PBXTargetDependency section */

/* Begin XCBuildConfiguration section */
		6E583A3327EA224E0063B0D7 /* Debug */ = {
			isa = XCBuildConfiguration;
			buildSettings = {
				ALWAYS_SEARCH_USER_PATHS = NO;
				CLANG_ANALYZER_NONNULL = YES;
				CLANG_ANALYZER_NUMBER_OBJECT_CONVERSION = YES_AGGRESSIVE;
				CLANG_CXX_LANGUAGE_STANDARD = "gnu++17";
				CLANG_CXX_LIBRARY = "libc++";
				CLANG_ENABLE_MODULES = YES;
				CLANG_ENABLE_OBJC_ARC = YES;
				CLANG_ENABLE_OBJC_WEAK = YES;
				CLANG_WARN_BLOCK_CAPTURE_AUTORELEASING = YES;
				CLANG_WARN_BOOL_CONVERSION = YES;
				CLANG_WARN_COMMA = YES;
				CLANG_WARN_CONSTANT_CONVERSION = YES;
				CLANG_WARN_DEPRECATED_OBJC_IMPLEMENTATIONS = YES;
				CLANG_WARN_DIRECT_OBJC_ISA_USAGE = YES_ERROR;
				CLANG_WARN_DOCUMENTATION_COMMENTS = YES;
				CLANG_WARN_EMPTY_BODY = YES;
				CLANG_WARN_ENUM_CONVERSION = YES;
				CLANG_WARN_INFINITE_RECURSION = YES;
				CLANG_WARN_INT_CONVERSION = YES;
				CLANG_WARN_NON_LITERAL_NULL_CONVERSION = YES;
				CLANG_WARN_OBJC_IMPLICIT_RETAIN_SELF = YES;
				CLANG_WARN_OBJC_LITERAL_CONVERSION = YES;
				CLANG_WARN_OBJC_ROOT_CLASS = YES_ERROR;
				CLANG_WARN_QUOTED_INCLUDE_IN_FRAMEWORK_HEADER = YES;
				CLANG_WARN_RANGE_LOOP_ANALYSIS = YES;
				CLANG_WARN_STRICT_PROTOTYPES = YES;
				CLANG_WARN_SUSPICIOUS_MOVE = YES;
				CLANG_WARN_UNGUARDED_AVAILABILITY = YES_AGGRESSIVE;
				CLANG_WARN_UNREACHABLE_CODE = YES;
				CLANG_WARN__DUPLICATE_METHOD_MATCH = YES;
				COPY_PHASE_STRIP = NO;
				DEBUG_INFORMATION_FORMAT = dwarf;
				ENABLE_STRICT_OBJC_MSGSEND = YES;
				ENABLE_TESTABILITY = YES;
				GCC_C_LANGUAGE_STANDARD = gnu11;
				GCC_DYNAMIC_NO_PIC = NO;
				GCC_NO_COMMON_BLOCKS = NO;
				GCC_OPTIMIZATION_LEVEL = 0;
				GCC_PREPROCESSOR_DEFINITIONS = (
					"DEBUG=1",
					"$(inherited)",
				);
				GCC_WARN_64_TO_32_BIT_CONVERSION = YES;
				GCC_WARN_ABOUT_RETURN_TYPE = YES_ERROR;
				GCC_WARN_UNDECLARED_SELECTOR = YES;
				GCC_WARN_UNINITIALIZED_AUTOS = YES_AGGRESSIVE;
				GCC_WARN_UNUSED_FUNCTION = YES;
				GCC_WARN_UNUSED_VARIABLE = YES;
				IPHONEOS_DEPLOYMENT_TARGET = 15.2;
				MTL_ENABLE_DEBUG_INFO = INCLUDE_SOURCE;
				MTL_FAST_MATH = YES;
				ONLY_ACTIVE_ARCH = YES;
				SDKROOT = iphoneos;
				SWIFT_ACTIVE_COMPILATION_CONDITIONS = DEBUG;
				SWIFT_OPTIMIZATION_LEVEL = "-Onone";
			};
			name = Debug;
		};
		6E583A3427EA224E0063B0D7 /* Release */ = {
			isa = XCBuildConfiguration;
			buildSettings = {
				ALWAYS_SEARCH_USER_PATHS = NO;
				CLANG_ANALYZER_NONNULL = YES;
				CLANG_ANALYZER_NUMBER_OBJECT_CONVERSION = YES_AGGRESSIVE;
				CLANG_CXX_LANGUAGE_STANDARD = "gnu++17";
				CLANG_CXX_LIBRARY = "libc++";
				CLANG_ENABLE_MODULES = YES;
				CLANG_ENABLE_OBJC_ARC = YES;
				CLANG_ENABLE_OBJC_WEAK = YES;
				CLANG_WARN_BLOCK_CAPTURE_AUTORELEASING = YES;
				CLANG_WARN_BOOL_CONVERSION = YES;
				CLANG_WARN_COMMA = YES;
				CLANG_WARN_CONSTANT_CONVERSION = YES;
				CLANG_WARN_DEPRECATED_OBJC_IMPLEMENTATIONS = YES;
				CLANG_WARN_DIRECT_OBJC_ISA_USAGE = YES_ERROR;
				CLANG_WARN_DOCUMENTATION_COMMENTS = YES;
				CLANG_WARN_EMPTY_BODY = YES;
				CLANG_WARN_ENUM_CONVERSION = YES;
				CLANG_WARN_INFINITE_RECURSION = YES;
				CLANG_WARN_INT_CONVERSION = YES;
				CLANG_WARN_NON_LITERAL_NULL_CONVERSION = YES;
				CLANG_WARN_OBJC_IMPLICIT_RETAIN_SELF = YES;
				CLANG_WARN_OBJC_LITERAL_CONVERSION = YES;
				CLANG_WARN_OBJC_ROOT_CLASS = YES_ERROR;
				CLANG_WARN_QUOTED_INCLUDE_IN_FRAMEWORK_HEADER = YES;
				CLANG_WARN_RANGE_LOOP_ANALYSIS = YES;
				CLANG_WARN_STRICT_PROTOTYPES = YES;
				CLANG_WARN_SUSPICIOUS_MOVE = YES;
				CLANG_WARN_UNGUARDED_AVAILABILITY = YES_AGGRESSIVE;
				CLANG_WARN_UNREACHABLE_CODE = YES;
				CLANG_WARN__DUPLICATE_METHOD_MATCH = YES;
				COPY_PHASE_STRIP = NO;
				DEBUG_INFORMATION_FORMAT = "dwarf-with-dsym";
				ENABLE_NS_ASSERTIONS = NO;
				ENABLE_STRICT_OBJC_MSGSEND = YES;
				GCC_C_LANGUAGE_STANDARD = gnu11;
				GCC_NO_COMMON_BLOCKS = NO;
				GCC_WARN_64_TO_32_BIT_CONVERSION = YES;
				GCC_WARN_ABOUT_RETURN_TYPE = YES_ERROR;
				GCC_WARN_UNDECLARED_SELECTOR = YES;
				GCC_WARN_UNINITIALIZED_AUTOS = YES_AGGRESSIVE;
				GCC_WARN_UNUSED_FUNCTION = YES;
				GCC_WARN_UNUSED_VARIABLE = YES;
				IPHONEOS_DEPLOYMENT_TARGET = 15.2;
				MTL_ENABLE_DEBUG_INFO = NO;
				MTL_FAST_MATH = YES;
				SDKROOT = iphoneos;
				SWIFT_COMPILATION_MODE = wholemodule;
				SWIFT_OPTIMIZATION_LEVEL = "-O";
				VALIDATE_PRODUCT = YES;
			};
			name = Release;
		};
		6E583A3627EA224E0063B0D7 /* Debug */ = {
			isa = XCBuildConfiguration;
			buildSettings = {
				ASSETCATALOG_COMPILER_APPICON_NAME = AppIcon;
				ASSETCATALOG_COMPILER_GLOBAL_ACCENT_COLOR_NAME = AccentColor;
				CLANG_ENABLE_MODULES = YES;
				CODE_SIGN_STYLE = Automatic;
				CURRENT_PROJECT_VERSION = 1;
				DEVELOPMENT_TEAM = R4JGMPEV35;
				GENERATE_INFOPLIST_FILE = YES;
				INFOPLIST_FILE = Application/Info.plist;
				INFOPLIST_KEY_CFBundleDisplayName = Noods;
				INFOPLIST_KEY_NSPrincipalClass = "$(PRODUCT_MODULE_NAME).AppDelegate";
				INFOPLIST_KEY_UIApplicationSupportsIndirectInputEvents = YES;
				INFOPLIST_KEY_UILaunchStoryboardName = LaunchScreen;
				INFOPLIST_KEY_UISupportedInterfaceOrientations_iPad = "UIInterfaceOrientationPortrait UIInterfaceOrientationPortraitUpsideDown UIInterfaceOrientationLandscapeLeft UIInterfaceOrientationLandscapeRight";
				INFOPLIST_KEY_UISupportedInterfaceOrientations_iPhone = "UIInterfaceOrientationPortrait UIInterfaceOrientationLandscapeLeft UIInterfaceOrientationLandscapeRight";
				LD_RUNPATH_SEARCH_PATHS = (
					"$(inherited)",
					"@executable_path/Frameworks",
				);
				MARKETING_VERSION = 1.0;
				PRODUCT_BUNDLE_IDENTIFIER = com.noodsradio.ios;
				PRODUCT_NAME = "$(TARGET_NAME)";
				SWIFT_EMIT_LOC_STRINGS = YES;
				SWIFT_OPTIMIZATION_LEVEL = "-Onone";
				SWIFT_VERSION = 5.0;
				TARGETED_DEVICE_FAMILY = "1,2";
			};
			name = Debug;
		};
		6E583A3727EA224E0063B0D7 /* Release */ = {
			isa = XCBuildConfiguration;
			buildSettings = {
				ASSETCATALOG_COMPILER_APPICON_NAME = AppIcon;
				ASSETCATALOG_COMPILER_GLOBAL_ACCENT_COLOR_NAME = AccentColor;
				CLANG_ENABLE_MODULES = YES;
				CODE_SIGN_STYLE = Automatic;
				CURRENT_PROJECT_VERSION = 1;
				DEVELOPMENT_TEAM = R4JGMPEV35;
				GENERATE_INFOPLIST_FILE = YES;
				INFOPLIST_FILE = Application/Info.plist;
				INFOPLIST_KEY_CFBundleDisplayName = Noods;
				INFOPLIST_KEY_NSPrincipalClass = "$(PRODUCT_MODULE_NAME).AppDelegate";
				INFOPLIST_KEY_UIApplicationSupportsIndirectInputEvents = YES;
				INFOPLIST_KEY_UILaunchStoryboardName = LaunchScreen;
				INFOPLIST_KEY_UISupportedInterfaceOrientations_iPad = "UIInterfaceOrientationPortrait UIInterfaceOrientationPortraitUpsideDown UIInterfaceOrientationLandscapeLeft UIInterfaceOrientationLandscapeRight";
				INFOPLIST_KEY_UISupportedInterfaceOrientations_iPhone = "UIInterfaceOrientationPortrait UIInterfaceOrientationLandscapeLeft UIInterfaceOrientationLandscapeRight";
				LD_RUNPATH_SEARCH_PATHS = (
					"$(inherited)",
					"@executable_path/Frameworks",
				);
				MARKETING_VERSION = 1.0;
				PRODUCT_BUNDLE_IDENTIFIER = com.noodsradio.ios;
				PRODUCT_NAME = "$(TARGET_NAME)";
				SWIFT_EMIT_LOC_STRINGS = YES;
				SWIFT_VERSION = 5.0;
				TARGETED_DEVICE_FAMILY = "1,2";
			};
			name = Release;
		};
		6E583A3927EA224E0063B0D7 /* Debug */ = {
			isa = XCBuildConfiguration;
			buildSettings = {
				ALWAYS_EMBED_SWIFT_STANDARD_LIBRARIES = YES;
				BUNDLE_LOADER = "$(TEST_HOST)";
				CODE_SIGN_STYLE = Automatic;
				CURRENT_PROJECT_VERSION = 1;
				DEVELOPMENT_TEAM = R4JGMPEV35;
				GENERATE_INFOPLIST_FILE = YES;
				IPHONEOS_DEPLOYMENT_TARGET = 15.2;
				MARKETING_VERSION = 1.0;
				PRODUCT_BUNDLE_IDENTIFIER = com.noodsradio.noodsradioTests;
				PRODUCT_NAME = "$(TARGET_NAME)";
				SWIFT_EMIT_LOC_STRINGS = NO;
				SWIFT_VERSION = 5.0;
				TARGETED_DEVICE_FAMILY = "1,2";
				TEST_HOST = "$(BUILT_PRODUCTS_DIR)/NoodsRadio.app/NoodsRadio";
			};
			name = Debug;
		};
		6E583A3A27EA224E0063B0D7 /* Release */ = {
			isa = XCBuildConfiguration;
			buildSettings = {
				ALWAYS_EMBED_SWIFT_STANDARD_LIBRARIES = YES;
				BUNDLE_LOADER = "$(TEST_HOST)";
				CODE_SIGN_STYLE = Automatic;
				CURRENT_PROJECT_VERSION = 1;
				DEVELOPMENT_TEAM = R4JGMPEV35;
				GENERATE_INFOPLIST_FILE = YES;
				IPHONEOS_DEPLOYMENT_TARGET = 15.2;
				MARKETING_VERSION = 1.0;
				PRODUCT_BUNDLE_IDENTIFIER = com.noodsradio.noodsradioTests;
				PRODUCT_NAME = "$(TARGET_NAME)";
				SWIFT_EMIT_LOC_STRINGS = NO;
				SWIFT_VERSION = 5.0;
				TARGETED_DEVICE_FAMILY = "1,2";
				TEST_HOST = "$(BUILT_PRODUCTS_DIR)/NoodsRadio.app/NoodsRadio";
			};
			name = Release;
		};
		6E583A3C27EA224E0063B0D7 /* Debug */ = {
			isa = XCBuildConfiguration;
			buildSettings = {
				ALWAYS_EMBED_SWIFT_STANDARD_LIBRARIES = YES;
				CODE_SIGN_STYLE = Automatic;
				CURRENT_PROJECT_VERSION = 1;
				DEVELOPMENT_TEAM = R4JGMPEV35;
				GENERATE_INFOPLIST_FILE = YES;
				MARKETING_VERSION = 1.0;
				PRODUCT_BUNDLE_IDENTIFIER = com.noodsradio.noodsradioUITests;
				PRODUCT_NAME = "$(TARGET_NAME)";
				SWIFT_EMIT_LOC_STRINGS = NO;
				SWIFT_VERSION = 5.0;
				TARGETED_DEVICE_FAMILY = "1,2";
				TEST_TARGET_NAME = noodsradio;
			};
			name = Debug;
		};
		6E583A3D27EA224E0063B0D7 /* Release */ = {
			isa = XCBuildConfiguration;
			buildSettings = {
				ALWAYS_EMBED_SWIFT_STANDARD_LIBRARIES = YES;
				CODE_SIGN_STYLE = Automatic;
				CURRENT_PROJECT_VERSION = 1;
				DEVELOPMENT_TEAM = R4JGMPEV35;
				GENERATE_INFOPLIST_FILE = YES;
				MARKETING_VERSION = 1.0;
				PRODUCT_BUNDLE_IDENTIFIER = com.noodsradio.noodsradioUITests;
				PRODUCT_NAME = "$(TARGET_NAME)";
				SWIFT_EMIT_LOC_STRINGS = NO;
				SWIFT_VERSION = 5.0;
				TARGETED_DEVICE_FAMILY = "1,2";
				TEST_TARGET_NAME = noodsradio;
			};
			name = Release;
		};
/* End XCBuildConfiguration section */

/* Begin XCConfigurationList section */
		6E583A0627EA224D0063B0D7 /* Build configuration list for PBXProject "noods-radio" */ = {
			isa = XCConfigurationList;
			buildConfigurations = (
				6E583A3327EA224E0063B0D7 /* Debug */,
				6E583A3427EA224E0063B0D7 /* Release */,
			);
			defaultConfigurationIsVisible = 0;
			defaultConfigurationName = Release;
		};
		6E583A3527EA224E0063B0D7 /* Build configuration list for PBXNativeTarget "NoodsRadio" */ = {
			isa = XCConfigurationList;
			buildConfigurations = (
				6E583A3627EA224E0063B0D7 /* Debug */,
				6E583A3727EA224E0063B0D7 /* Release */,
			);
			defaultConfigurationIsVisible = 0;
			defaultConfigurationName = Release;
		};
		6E583A3827EA224E0063B0D7 /* Build configuration list for PBXNativeTarget "NoodsRadioTests" */ = {
			isa = XCConfigurationList;
			buildConfigurations = (
				6E583A3927EA224E0063B0D7 /* Debug */,
				6E583A3A27EA224E0063B0D7 /* Release */,
			);
			defaultConfigurationIsVisible = 0;
			defaultConfigurationName = Release;
		};
		6E583A3B27EA224E0063B0D7 /* Build configuration list for PBXNativeTarget "NoodsRadioUITests" */ = {
			isa = XCConfigurationList;
			buildConfigurations = (
				6E583A3C27EA224E0063B0D7 /* Debug */,
				6E583A3D27EA224E0063B0D7 /* Release */,
			);
			defaultConfigurationIsVisible = 0;
			defaultConfigurationName = Release;
		};
/* End XCConfigurationList section */

/* Begin XCRemoteSwiftPackageReference section */
		6E4928C327EA68DC00F88D8C /* XCRemoteSwiftPackageReference "RxDataSources" */ = {
			isa = XCRemoteSwiftPackageReference;
			repositoryURL = "https://github.com/RxSwiftCommunity/RxDataSources.git";
			requirement = {
				branch = main;
				kind = branch;
			};
		};
		6E583A6127EA35D40063B0D7 /* XCRemoteSwiftPackageReference "UIKitPlus" */ = {
			isa = XCRemoteSwiftPackageReference;
			repositoryURL = "https://github.com/markst/UIKitPlus";
			requirement = {
				branch = "feature/collection-dynamic-sizing";
				kind = branch;
			};
		};
		6E583AA227EA3CF80063B0D7 /* XCRemoteSwiftPackageReference "Moya" */ = {
			isa = XCRemoteSwiftPackageReference;
			repositoryURL = "https://github.com/markst/Moya.git";
			requirement = {
				branch = master;
				kind = branch;
			};
		};
		6EB4988B27ECA4A70059DE89 /* XCRemoteSwiftPackageReference "Atributika" */ = {
			isa = XCRemoteSwiftPackageReference;
			repositoryURL = "https://github.com/psharanda/Atributika.git";
			requirement = {
				kind = upToNextMajorVersion;
				minimumVersion = 4.0.0;
			};
		};
		6ED09A4027EA533100C56F6B /* XCRemoteSwiftPackageReference "RxSwift" */ = {
			isa = XCRemoteSwiftPackageReference;
			repositoryURL = "https://github.com/ReactiveX/RxSwift.git";
			requirement = {
				kind = upToNextMajorVersion;
				minimumVersion = 6.0.0;
			};
		};
		6EFEEA7427EB4C47001586F4 /* XCRemoteSwiftPackageReference "RxSwiftUtilities" */ = {
			isa = XCRemoteSwiftPackageReference;
			repositoryURL = "https://github.com/RxSwiftCommunity/RxSwiftUtilities.git";
			requirement = {
				branch = master;
				kind = branch;
			};
		};
		6EFEEA7727EB4E73001586F4 /* XCRemoteSwiftPackageReference "RxFlow" */ = {
			isa = XCRemoteSwiftPackageReference;
			repositoryURL = "https://github.com/RxSwiftCommunity/RxFlow.git";
			requirement = {
				branch = main;
				kind = branch;
			};
		};
/* End XCRemoteSwiftPackageReference section */

/* Begin XCSwiftPackageProductDependency section */
		6E4928C427EA68DC00F88D8C /* RxDataSources */ = {
			isa = XCSwiftPackageProductDependency;
			package = 6E4928C327EA68DC00F88D8C /* XCRemoteSwiftPackageReference "RxDataSources" */;
			productName = RxDataSources;
		};
		6E583A6227EA35D40063B0D7 /* UIKitPlus */ = {
			isa = XCSwiftPackageProductDependency;
			package = 6E583A6127EA35D40063B0D7 /* XCRemoteSwiftPackageReference "UIKitPlus" */;
			productName = UIKitPlus;
		};
		6E583AA327EA3CF80063B0D7 /* RxMoya */ = {
			isa = XCSwiftPackageProductDependency;
			package = 6E583AA227EA3CF80063B0D7 /* XCRemoteSwiftPackageReference "Moya" */;
			productName = RxMoya;
		};
		6EB4988C27ECA4A70059DE89 /* Atributika */ = {
			isa = XCSwiftPackageProductDependency;
			package = 6EB4988B27ECA4A70059DE89 /* XCRemoteSwiftPackageReference "Atributika" */;
			productName = Atributika;
		};
		6ED09A4127EA533100C56F6B /* RxBlocking */ = {
			isa = XCSwiftPackageProductDependency;
			package = 6ED09A4027EA533100C56F6B /* XCRemoteSwiftPackageReference "RxSwift" */;
			productName = RxBlocking;
		};
		6EFEEA7527EB4C47001586F4 /* RxSwiftUtilities */ = {
			isa = XCSwiftPackageProductDependency;
			package = 6EFEEA7427EB4C47001586F4 /* XCRemoteSwiftPackageReference "RxSwiftUtilities" */;
			productName = RxSwiftUtilities;
		};
		6EFEEA7827EB4E73001586F4 /* RxFlow */ = {
			isa = XCSwiftPackageProductDependency;
			package = 6EFEEA7727EB4E73001586F4 /* XCRemoteSwiftPackageReference "RxFlow" */;
			productName = RxFlow;
		};
/* End XCSwiftPackageProductDependency section */
	};
	rootObject = 6E583A0327EA224D0063B0D7 /* Project object */;
}
